
Microsoft Visual Studio Solution File, Format Version 12.00
# Visual Studio Version 16
VisualStudioVersion = 16.0.29424.173
MinimumVisualStudioVersion = 10.0.40219.1
Project("{888888A0-9F3D-457C-B088-3A5042F75D52}") = "FlaskWebProject2", "FlaskWebProject2\FlaskWebProject2.pyproj", "{8FF17CFA-A4BF-40F9-8FF8-3958302DC277}"
EndProject
Project("{888888A0-9F3D-457C-B088-3A5042F75D52}") = "FlaskWeb", "FlaskWeb\FlaskWeb.pyproj", "{1B130D03-C6ED-48E5-89BA-C07D58195E95}"
EndProject
Global
	GlobalSection(SolutionConfigurationPlatforms) = preSolution
		Debug|Any CPU = Debug|Any CPU
		Release|Any CPU = Release|Any CPU
	EndGlobalSection
	GlobalSection(ProjectConfigurationPlatforms) = postSolution
		{8FF17CFA-A4BF-40F9-8FF8-3958302DC277}.Debug|Any CPU.ActiveCfg = Debug|Any CPU
		{8FF17CFA-A4BF-40F9-8FF8-3958302DC277}.Debug|Any CPU.Build.0 = Debug|Any CPU
		{8FF17CFA-A4BF-40F9-8FF8-3958302DC277}.Release|Any CPU.ActiveCfg = Release|Any CPU
		{8FF17CFA-A4BF-40F9-8FF8-3958302DC277}.Release|Any CPU.Build.0 = Release|Any CPU
		{1B130D03-C6ED-48E5-89BA-C07D58195E95}.Debug|Any CPU.ActiveCfg = Debug|Any CPU
		{1B130D03-C6ED-48E5-89BA-C07D58195E95}.Debug|Any CPU.Build.0 = Debug|Any CPU
		{1B130D03-C6ED-48E5-89BA-C07D58195E95}.Release|Any CPU.ActiveCfg = Release|Any CPU
		{1B130D03-C6ED-48E5-89BA-C07D58195E95}.Release|Any CPU.Build.0 = Release|Any CPU
	EndGlobalSection
	GlobalSection(SolutionProperties) = preSolution
		HideSolutionNode = FALSE
	EndGlobalSection
	GlobalSection(ExtensibilityGlobals) = postSolution
		SolutionGuid = {D28F7C5E-458A-4A36-84FB-A4B948C4090D}
	EndGlobalSection
EndGlobal
